// !$*UTF8*$!
{
	archiveVersion = 1;
	classes = {
	};
	objectVersion = 50;
	objects = {

/* Begin PBXBuildFile section */
		F71523FD274B6D5B00FB0447 /* SearchBarView.swift in Sources */ = {isa = PBXBuildFile; fileRef = F71523FC274B6D5B00FB0447 /* SearchBarView.swift */; };
		F7152405274B6D6700FB0447 /* SettingsView.swift in Sources */ = {isa = PBXBuildFile; fileRef = F7152404274B6D6700FB0447 /* SettingsView.swift */; };
		F715240D274B731D00FB0447 /* DailyForecastView.swift in Sources */ = {isa = PBXBuildFile; fileRef = F715240C274B731D00FB0447 /* DailyForecastView.swift */; };
		F7152412274B732900FB0447 /* HourlyForecastView.swift in Sources */ = {isa = PBXBuildFile; fileRef = F7152411274B732900FB0447 /* HourlyForecastView.swift */; };
		F719BB72276371DF008F7FDE /* CitySelectorViewModel.swift in Sources */ = {isa = PBXBuildFile; fileRef = F719BB71276371DF008F7FDE /* CitySelectorViewModel.swift */; };
		F7257E7927081F30005C5076 /* WeatherApp.swift in Sources */ = {isa = PBXBuildFile; fileRef = F7257E7827081F30005C5076 /* WeatherApp.swift */; };
		F7257E7B27081F30005C5076 /* ContentView.swift in Sources */ = {isa = PBXBuildFile; fileRef = F7257E7A27081F30005C5076 /* ContentView.swift */; };
		F7257E7D27081F31005C5076 /* Assets.xcassets in Resources */ = {isa = PBXBuildFile; fileRef = F7257E7C27081F31005C5076 /* Assets.xcassets */; };
		F7257E8027081F31005C5076 /* Preview Assets.xcassets in Resources */ = {isa = PBXBuildFile; fileRef = F7257E7F27081F31005C5076 /* Preview Assets.xcassets */; };
		F7257EA727081F7D005C5076 /* WeatherMainView.swift in Sources */ = {isa = PBXBuildFile; fileRef = F7257EA627081F7D005C5076 /* WeatherMainView.swift */; };
		F73BC33C275A62B700CA2CD9 /* Color.swift in Sources */ = {isa = PBXBuildFile; fileRef = F73BC33B275A62B700CA2CD9 /* Color.swift */; };
		F7438F562762543B001DBFA3 /* Float.swift in Sources */ = {isa = PBXBuildFile; fileRef = F7438F552762543B001DBFA3 /* Float.swift */; };
		F74C7AD9275F6AEC00DB63B1 /* CountrySelectorViewModel.swift in Sources */ = {isa = PBXBuildFile; fileRef = F74C7AD8275F6AEC00DB63B1 /* CountrySelectorViewModel.swift */; };
		F755F9A1276EEB3F00B23F2A /* RefreshableScrollView.swift in Sources */ = {isa = PBXBuildFile; fileRef = F755F9A0276EEB3F00B23F2A /* RefreshableScrollView.swift */; };
		F7580CCE2734E6F700773E6C /* LocationManager.swift in Sources */ = {isa = PBXBuildFile; fileRef = F7580CCD2734E6F700773E6C /* LocationManager.swift */; };
		F76F70422747B38D00A4A198 /* Double.swift in Sources */ = {isa = PBXBuildFile; fileRef = F76F70412747B38D00A4A198 /* Double.swift */; };
		F778E5D8278072ED009D870C /* SettingsViewModel.swift in Sources */ = {isa = PBXBuildFile; fileRef = F778E5D7278072ED009D870C /* SettingsViewModel.swift */; };
		F77C88B4275B7E5000516175 /* UIApplication.swift in Sources */ = {isa = PBXBuildFile; fileRef = F77C88B3275B7E5000516175 /* UIApplication.swift */; };
		F77C88CF275B9E7100516175 /* CountrySelectorView.swift in Sources */ = {isa = PBXBuildFile; fileRef = F77C88CE275B9E7100516175 /* CountrySelectorView.swift */; };
		F77EA9412712C5F2000B8883 /* WeatherMainViewModel.swift in Sources */ = {isa = PBXBuildFile; fileRef = F77EA9402712C5F2000B8883 /* WeatherMainViewModel.swift */; };
		F780FAC42732B3B100F93491 /* LoadingView.swift in Sources */ = {isa = PBXBuildFile; fileRef = F780FAC32732B3B100F93491 /* LoadingView.swift */; };
		F786B7A3275CBA68000F8BFA /* LocationData.swift in Sources */ = {isa = PBXBuildFile; fileRef = F786B7A2275CBA68000F8BFA /* LocationData.swift */; };
		F786B7AB275CE9A4000F8BFA /* Tokens.swift in Sources */ = {isa = PBXBuildFile; fileRef = F786B7AA275CE9A4000F8BFA /* Tokens.swift */; };
		F78F508A278198C60016806E /* String.swift in Sources */ = {isa = PBXBuildFile; fileRef = F78F5089278198C60016806E /* String.swift */; };
		F78F509627819A870016806E /* Localizable.strings in Resources */ = {isa = PBXBuildFile; fileRef = F78F509827819A870016806E /* Localizable.strings */; };
		F7A526232782E7A300680F68 /* Int.swift in Sources */ = {isa = PBXBuildFile; fileRef = F7A526222782E7A300680F68 /* Int.swift */; };
		F7CCA5042760C35400EB676D /* CitySelectorView.swift in Sources */ = {isa = PBXBuildFile; fileRef = F7CCA5032760C35400EB676D /* CitySelectorView.swift */; };
		F7CE0A3527848F6D009AC231 /* URL.swift in Sources */ = {isa = PBXBuildFile; fileRef = F7CE0A3427848F6D009AC231 /* URL.swift */; };
		F7F2814A2716BC2B00E3A7BB /* WeatherData.swift in Sources */ = {isa = PBXBuildFile; fileRef = F7F281492716BC2B00E3A7BB /* WeatherData.swift */; };
/* End PBXBuildFile section */

/* Begin PBXFileReference section */
		F71523FC274B6D5B00FB0447 /* SearchBarView.swift */ = {isa = PBXFileReference; lastKnownFileType = sourcecode.swift; path = SearchBarView.swift; sourceTree = "<group>"; };
		F7152404274B6D6700FB0447 /* SettingsView.swift */ = {isa = PBXFileReference; lastKnownFileType = sourcecode.swift; path = SettingsView.swift; sourceTree = "<group>"; };
		F715240C274B731D00FB0447 /* DailyForecastView.swift */ = {isa = PBXFileReference; lastKnownFileType = sourcecode.swift; path = DailyForecastView.swift; sourceTree = "<group>"; };
		F7152411274B732900FB0447 /* HourlyForecastView.swift */ = {isa = PBXFileReference; lastKnownFileType = sourcecode.swift; path = HourlyForecastView.swift; sourceTree = "<group>"; };
		F719BB71276371DF008F7FDE /* CitySelectorViewModel.swift */ = {isa = PBXFileReference; lastKnownFileType = sourcecode.swift; path = CitySelectorViewModel.swift; sourceTree = "<group>"; };
		F7257E7527081F30005C5076 /* Weather.app */ = {isa = PBXFileReference; explicitFileType = wrapper.application; includeInIndex = 0; path = Weather.app; sourceTree = BUILT_PRODUCTS_DIR; };
		F7257E7827081F30005C5076 /* WeatherApp.swift */ = {isa = PBXFileReference; lastKnownFileType = sourcecode.swift; path = WeatherApp.swift; sourceTree = "<group>"; };
		F7257E7A27081F30005C5076 /* ContentView.swift */ = {isa = PBXFileReference; lastKnownFileType = sourcecode.swift; path = ContentView.swift; sourceTree = "<group>"; };
		F7257E7C27081F31005C5076 /* Assets.xcassets */ = {isa = PBXFileReference; lastKnownFileType = folder.assetcatalog; path = Assets.xcassets; sourceTree = "<group>"; };
		F7257E7F27081F31005C5076 /* Preview Assets.xcassets */ = {isa = PBXFileReference; lastKnownFileType = folder.assetcatalog; path = "Preview Assets.xcassets"; sourceTree = "<group>"; };
		F7257E8127081F31005C5076 /* Info.plist */ = {isa = PBXFileReference; lastKnownFileType = text.plist.xml; path = Info.plist; sourceTree = "<group>"; };
		F7257EA627081F7D005C5076 /* WeatherMainView.swift */ = {isa = PBXFileReference; lastKnownFileType = sourcecode.swift; path = WeatherMainView.swift; sourceTree = "<group>"; };
		F73BC33B275A62B700CA2CD9 /* Color.swift */ = {isa = PBXFileReference; lastKnownFileType = sourcecode.swift; path = Color.swift; sourceTree = "<group>"; };
		F7438F552762543B001DBFA3 /* Float.swift */ = {isa = PBXFileReference; lastKnownFileType = sourcecode.swift; path = Float.swift; sourceTree = "<group>"; };
		F74C7AD8275F6AEC00DB63B1 /* CountrySelectorViewModel.swift */ = {isa = PBXFileReference; lastKnownFileType = sourcecode.swift; path = CountrySelectorViewModel.swift; sourceTree = "<group>"; };
		F755F9A0276EEB3F00B23F2A /* RefreshableScrollView.swift */ = {isa = PBXFileReference; lastKnownFileType = sourcecode.swift; path = RefreshableScrollView.swift; sourceTree = "<group>"; };
		F7580CCD2734E6F700773E6C /* LocationManager.swift */ = {isa = PBXFileReference; lastKnownFileType = sourcecode.swift; path = LocationManager.swift; sourceTree = "<group>"; };
		F76F70412747B38D00A4A198 /* Double.swift */ = {isa = PBXFileReference; lastKnownFileType = sourcecode.swift; path = Double.swift; sourceTree = "<group>"; };
		F778E5D7278072ED009D870C /* SettingsViewModel.swift */ = {isa = PBXFileReference; lastKnownFileType = sourcecode.swift; path = SettingsViewModel.swift; sourceTree = "<group>"; };
		F77C88B3275B7E5000516175 /* UIApplication.swift */ = {isa = PBXFileReference; lastKnownFileType = sourcecode.swift; path = UIApplication.swift; sourceTree = "<group>"; };
		F77C88CE275B9E7100516175 /* CountrySelectorView.swift */ = {isa = PBXFileReference; lastKnownFileType = sourcecode.swift; path = CountrySelectorView.swift; sourceTree = "<group>"; };
		F77EA9402712C5F2000B8883 /* WeatherMainViewModel.swift */ = {isa = PBXFileReference; lastKnownFileType = sourcecode.swift; path = WeatherMainViewModel.swift; sourceTree = "<group>"; };
		F780FAC32732B3B100F93491 /* LoadingView.swift */ = {isa = PBXFileReference; lastKnownFileType = sourcecode.swift; path = LoadingView.swift; sourceTree = "<group>"; };
		F786B7A2275CBA68000F8BFA /* LocationData.swift */ = {isa = PBXFileReference; lastKnownFileType = sourcecode.swift; path = LocationData.swift; sourceTree = "<group>"; };
		F786B7AA275CE9A4000F8BFA /* Tokens.swift */ = {isa = PBXFileReference; lastKnownFileType = sourcecode.swift; path = Tokens.swift; sourceTree = "<group>"; };
		F78F5089278198C60016806E /* String.swift */ = {isa = PBXFileReference; lastKnownFileType = sourcecode.swift; path = String.swift; sourceTree = "<group>"; };
		F78F509727819A870016806E /* en */ = {isa = PBXFileReference; lastKnownFileType = text.plist.strings; name = en; path = en.lproj/Localizable.strings; sourceTree = "<group>"; };
		F78F509C27819A9B0016806E /* ru */ = {isa = PBXFileReference; lastKnownFileType = text.plist.strings; name = ru; path = ru.lproj/Localizable.strings; sourceTree = "<group>"; };
		F7A526222782E7A300680F68 /* Int.swift */ = {isa = PBXFileReference; lastKnownFileType = sourcecode.swift; path = Int.swift; sourceTree = "<group>"; };
		F7CCA5032760C35400EB676D /* CitySelectorView.swift */ = {isa = PBXFileReference; lastKnownFileType = sourcecode.swift; path = CitySelectorView.swift; sourceTree = "<group>"; };
		F7CE0A3427848F6D009AC231 /* URL.swift */ = {isa = PBXFileReference; lastKnownFileType = sourcecode.swift; path = URL.swift; sourceTree = "<group>"; };
		F7F281492716BC2B00E3A7BB /* WeatherData.swift */ = {isa = PBXFileReference; lastKnownFileType = sourcecode.swift; path = WeatherData.swift; sourceTree = "<group>"; };
/* End PBXFileReference section */

/* Begin PBXFrameworksBuildPhase section */
		F7257E7227081F30005C5076 /* Frameworks */ = {
			isa = PBXFrameworksBuildPhase;
			buildActionMask = 2147483647;
			files = (
			);
			runOnlyForDeploymentPostprocessing = 0;
		};
/* End PBXFrameworksBuildPhase section */

/* Begin PBXGroup section */
		F719BB6F276371C5008F7FDE /* Country */ = {
			isa = PBXGroup;
			children = (
				F77C88CE275B9E7100516175 /* CountrySelectorView.swift */,
				F74C7AD8275F6AEC00DB63B1 /* CountrySelectorViewModel.swift */,
			);
			path = Country;
			sourceTree = "<group>";
		};
		F719BB70276371CD008F7FDE /* City */ = {
			isa = PBXGroup;
			children = (
				F7CCA5032760C35400EB676D /* CitySelectorView.swift */,
				F719BB71276371DF008F7FDE /* CitySelectorViewModel.swift */,
			);
			path = City;
			sourceTree = "<group>";
		};
		F7257E6C27081F30005C5076 = {
			isa = PBXGroup;
			children = (
				F7257E7727081F30005C5076 /* Weather */,
				F7257E7627081F30005C5076 /* Products */,
			);
			sourceTree = "<group>";
		};
		F7257E7627081F30005C5076 /* Products */ = {
			isa = PBXGroup;
			children = (
				F7257E7527081F30005C5076 /* Weather.app */,
			);
			name = Products;
			sourceTree = "<group>";
		};
		F7257E7727081F30005C5076 /* Weather */ = {
			isa = PBXGroup;
			children = (
				F7257E7827081F30005C5076 /* WeatherApp.swift */,
				F7257E7A27081F30005C5076 /* ContentView.swift */,
				F76F70402747B37000A4A198 /* Extensions */,
				F77EA94A2712C62B000B8883 /* Views */,
				F7C3F3A627142AA70000FFED /* Model */,
				F7257E7C27081F31005C5076 /* Assets.xcassets */,
				F7257E8127081F31005C5076 /* Info.plist */,
				F7257E7E27081F31005C5076 /* Preview Content */,
				F78F509827819A870016806E /* Localizable.strings */,
			);
			path = Weather;
			sourceTree = "<group>";
		};
		F7257E7E27081F31005C5076 /* Preview Content */ = {
			isa = PBXGroup;
			children = (
				F7257E7F27081F31005C5076 /* Preview Assets.xcassets */,
			);
			path = "Preview Content";
			sourceTree = "<group>";
		};
		F7438F5127623178001DBFA3 /* Forecasts */ = {
			isa = PBXGroup;
			children = (
				F7152411274B732900FB0447 /* HourlyForecastView.swift */,
				F715240C274B731D00FB0447 /* DailyForecastView.swift */,
			);
			path = Forecasts;
			sourceTree = "<group>";
		};
		F76F70402747B37000A4A198 /* Extensions */ = {
			isa = PBXGroup;
			children = (
				F76F70412747B38D00A4A198 /* Double.swift */,
				F7438F552762543B001DBFA3 /* Float.swift */,
				F73BC33B275A62B700CA2CD9 /* Color.swift */,
				F77C88B3275B7E5000516175 /* UIApplication.swift */,
				F78F5089278198C60016806E /* String.swift */,
				F7A526222782E7A300680F68 /* Int.swift */,
				F7CE0A3427848F6D009AC231 /* URL.swift */,
			);
			path = Extensions;
			sourceTree = "<group>";
		};
		F778E5E2278086AC009D870C /* Settings */ = {
			isa = PBXGroup;
			children = (
				F7152404274B6D6700FB0447 /* SettingsView.swift */,
				F778E5D7278072ED009D870C /* SettingsViewModel.swift */,
			);
			path = Settings;
			sourceTree = "<group>";
		};
		F77EA9382712C559000B8883 /* WeatherMain */ = {
			isa = PBXGroup;
			children = (
				F7438F5127623178001DBFA3 /* Forecasts */,
				F7257EA627081F7D005C5076 /* WeatherMainView.swift */,
				F77EA9402712C5F2000B8883 /* WeatherMainViewModel.swift */,
			);
			path = WeatherMain;
			sourceTree = "<group>";
		};
		F77EA94A2712C62B000B8883 /* Views */ = {
			isa = PBXGroup;
			children = (
				F780FAB72732B39100F93491 /* AuxViews */,
				F778E5E2278086AC009D870C /* Settings */,
				F7CCA4F52760C10400EB676D /* Location */,
				F77EA9382712C559000B8883 /* WeatherMain */,
			);
			path = Views;
			sourceTree = "<group>";
		};
		F780FAB72732B39100F93491 /* AuxViews */ = {
			isa = PBXGroup;
			children = (
				F780FAC32732B3B100F93491 /* LoadingView.swift */,
				F71523FC274B6D5B00FB0447 /* SearchBarView.swift */,
				F755F9A0276EEB3F00B23F2A /* RefreshableScrollView.swift */,
			);
			path = AuxViews;
			sourceTree = "<group>";
		};
		F7C3F3A627142AA70000FFED /* Model */ = {
			isa = PBXGroup;
			children = (
				F7CC6F1E277EE4AB002D7F81 /* Networking */,
				F7CC6F15277EE422002D7F81 /* AuxFiles */,
				F7580CCD2734E6F700773E6C /* LocationManager.swift */,
			);
			path = Model;
			sourceTree = "<group>";
		};
		F7CC6F15277EE422002D7F81 /* AuxFiles */ = {
			isa = PBXGroup;
			children = (
				F786B7AA275CE9A4000F8BFA /* Tokens.swift */,
			);
			path = AuxFiles;
			sourceTree = "<group>";
		};
		F7CC6F1E277EE4AB002D7F81 /* Networking */ = {
			isa = PBXGroup;
			children = (
				F7F281492716BC2B00E3A7BB /* WeatherData.swift */,
				F786B7A2275CBA68000F8BFA /* LocationData.swift */,
			);
			path = Networking;
			sourceTree = "<group>";
		};
		F7CCA4F52760C10400EB676D /* Location */ = {
			isa = PBXGroup;
			children = (
				F719BB70276371CD008F7FDE /* City */,
				F719BB6F276371C5008F7FDE /* Country */,
			);
			path = Location;
			sourceTree = "<group>";
		};
/* End PBXGroup section */

/* Begin PBXNativeTarget section */
		F7257E7427081F30005C5076 /* Weather */ = {
			isa = PBXNativeTarget;
			buildConfigurationList = F7257E9A27081F32005C5076 /* Build configuration list for PBXNativeTarget "Weather" */;
			buildPhases = (
				F7257E7127081F30005C5076 /* Sources */,
				F7257E7227081F30005C5076 /* Frameworks */,
				F7257E7327081F30005C5076 /* Resources */,
			);
			buildRules = (
			);
			dependencies = (
			);
			name = Weather;
			productName = Weather;
			productReference = F7257E7527081F30005C5076 /* Weather.app */;
			productType = "com.apple.product-type.application";
		};
/* End PBXNativeTarget section */

/* Begin PBXProject section */
		F7257E6D27081F30005C5076 /* Project object */ = {
			isa = PBXProject;
			attributes = {
				LastSwiftUpdateCheck = 1240;
				LastUpgradeCheck = 1240;
				TargetAttributes = {
					F7257E7427081F30005C5076 = {
						CreatedOnToolsVersion = 12.4;
					};
				};
			};
			buildConfigurationList = F7257E7027081F30005C5076 /* Build configuration list for PBXProject "Weather" */;
			compatibilityVersion = "Xcode 9.3";
			developmentRegion = en;
			hasScannedForEncodings = 0;
			knownRegions = (
				en,
				Base,
				ru,
			);
			mainGroup = F7257E6C27081F30005C5076;
			productRefGroup = F7257E7627081F30005C5076 /* Products */;
			projectDirPath = "";
			projectRoot = "";
			targets = (
				F7257E7427081F30005C5076 /* Weather */,
			);
		};
/* End PBXProject section */

/* Begin PBXResourcesBuildPhase section */
		F7257E7327081F30005C5076 /* Resources */ = {
			isa = PBXResourcesBuildPhase;
			buildActionMask = 2147483647;
			files = (
				F7257E8027081F31005C5076 /* Preview Assets.xcassets in Resources */,
				F78F509627819A870016806E /* Localizable.strings in Resources */,
				F7257E7D27081F31005C5076 /* Assets.xcassets in Resources */,
			);
			runOnlyForDeploymentPostprocessing = 0;
		};
/* End PBXResourcesBuildPhase section */

/* Begin PBXSourcesBuildPhase section */
		F7257E7127081F30005C5076 /* Sources */ = {
			isa = PBXSourcesBuildPhase;
			buildActionMask = 2147483647;
			files = (
				F786B7A3275CBA68000F8BFA /* LocationData.swift in Sources */,
				F786B7AB275CE9A4000F8BFA /* Tokens.swift in Sources */,
				F74C7AD9275F6AEC00DB63B1 /* CountrySelectorViewModel.swift in Sources */,
				F77C88B4275B7E5000516175 /* UIApplication.swift in Sources */,
				F715240D274B731D00FB0447 /* DailyForecastView.swift in Sources */,
				F7CE0A3527848F6D009AC231 /* URL.swift in Sources */,
				F7257EA727081F7D005C5076 /* WeatherMainView.swift in Sources */,
				F78F508A278198C60016806E /* String.swift in Sources */,
				F7F2814A2716BC2B00E3A7BB /* WeatherData.swift in Sources */,
				F76F70422747B38D00A4A198 /* Double.swift in Sources */,
				F780FAC42732B3B100F93491 /* LoadingView.swift in Sources */,
				F7580CCE2734E6F700773E6C /* LocationManager.swift in Sources */,
				F73BC33C275A62B700CA2CD9 /* Color.swift in Sources */,
				F719BB72276371DF008F7FDE /* CitySelectorViewModel.swift in Sources */,
				F7152405274B6D6700FB0447 /* SettingsView.swift in Sources */,
				F7257E7B27081F30005C5076 /* ContentView.swift in Sources */,
				F7152412274B732900FB0447 /* HourlyForecastView.swift in Sources */,
				F7CCA5042760C35400EB676D /* CitySelectorView.swift in Sources */,
				F77C88CF275B9E7100516175 /* CountrySelectorView.swift in Sources */,
				F7438F562762543B001DBFA3 /* Float.swift in Sources */,
				F71523FD274B6D5B00FB0447 /* SearchBarView.swift in Sources */,
				F7257E7927081F30005C5076 /* WeatherApp.swift in Sources */,
				F77EA9412712C5F2000B8883 /* WeatherMainViewModel.swift in Sources */,
				F7A526232782E7A300680F68 /* Int.swift in Sources */,
				F755F9A1276EEB3F00B23F2A /* RefreshableScrollView.swift in Sources */,
				F778E5D8278072ED009D870C /* SettingsViewModel.swift in Sources */,
			);
			runOnlyForDeploymentPostprocessing = 0;
		};
/* End PBXSourcesBuildPhase section */

/* Begin PBXVariantGroup section */
		F78F509827819A870016806E /* Localizable.strings */ = {
			isa = PBXVariantGroup;
			children = (
				F78F509727819A870016806E /* en */,
				F78F509C27819A9B0016806E /* ru */,
			);
			name = Localizable.strings;
			sourceTree = "<group>";
		};
/* End PBXVariantGroup section */

/* Begin XCBuildConfiguration section */
		F7257E9827081F32005C5076 /* Debug */ = {
			isa = XCBuildConfiguration;
			buildSettings = {
				ALWAYS_SEARCH_USER_PATHS = NO;
				CLANG_ANALYZER_NONNULL = YES;
				CLANG_ANALYZER_NUMBER_OBJECT_CONVERSION = YES_AGGRESSIVE;
				CLANG_CXX_LANGUAGE_STANDARD = "gnu++14";
				CLANG_CXX_LIBRARY = "libc++";
				CLANG_ENABLE_MODULES = YES;
				CLANG_ENABLE_OBJC_ARC = YES;
				CLANG_ENABLE_OBJC_WEAK = YES;
				CLANG_WARN_BLOCK_CAPTURE_AUTORELEASING = YES;
				CLANG_WARN_BOOL_CONVERSION = YES;
				CLANG_WARN_COMMA = YES;
				CLANG_WARN_CONSTANT_CONVERSION = YES;
				CLANG_WARN_DEPRECATED_OBJC_IMPLEMENTATIONS = YES;
				CLANG_WARN_DIRECT_OBJC_ISA_USAGE = YES_ERROR;
				CLANG_WARN_DOCUMENTATION_COMMENTS = YES;
				CLANG_WARN_EMPTY_BODY = YES;
				CLANG_WARN_ENUM_CONVERSION = YES;
				CLANG_WARN_INFINITE_RECURSION = YES;
				CLANG_WARN_INT_CONVERSION = YES;
				CLANG_WARN_NON_LITERAL_NULL_CONVERSION = YES;
				CLANG_WARN_OBJC_IMPLICIT_RETAIN_SELF = YES;
				CLANG_WARN_OBJC_LITERAL_CONVERSION = YES;
				CLANG_WARN_OBJC_ROOT_CLASS = YES_ERROR;
				CLANG_WARN_QUOTED_INCLUDE_IN_FRAMEWORK_HEADER = YES;
				CLANG_WARN_RANGE_LOOP_ANALYSIS = YES;
				CLANG_WARN_STRICT_PROTOTYPES = YES;
				CLANG_WARN_SUSPICIOUS_MOVE = YES;
				CLANG_WARN_UNGUARDED_AVAILABILITY = YES_AGGRESSIVE;
				CLANG_WARN_UNREACHABLE_CODE = YES;
				CLANG_WARN__DUPLICATE_METHOD_MATCH = YES;
				COPY_PHASE_STRIP = NO;
				DEBUG_INFORMATION_FORMAT = dwarf;
				ENABLE_STRICT_OBJC_MSGSEND = YES;
				ENABLE_TESTABILITY = YES;
				GCC_C_LANGUAGE_STANDARD = gnu11;
				GCC_DYNAMIC_NO_PIC = NO;
				GCC_NO_COMMON_BLOCKS = YES;
				GCC_OPTIMIZATION_LEVEL = 0;
				GCC_PREPROCESSOR_DEFINITIONS = (
					"DEBUG=1",
					"$(inherited)",
				);
				GCC_WARN_64_TO_32_BIT_CONVERSION = YES;
				GCC_WARN_ABOUT_RETURN_TYPE = YES_ERROR;
				GCC_WARN_UNDECLARED_SELECTOR = YES;
				GCC_WARN_UNINITIALIZED_AUTOS = YES_AGGRESSIVE;
				GCC_WARN_UNUSED_FUNCTION = YES;
				GCC_WARN_UNUSED_VARIABLE = YES;
				IPHONEOS_DEPLOYMENT_TARGET = 14.1;
				MTL_ENABLE_DEBUG_INFO = INCLUDE_SOURCE;
				MTL_FAST_MATH = YES;
				ONLY_ACTIVE_ARCH = YES;
				SDKROOT = iphoneos;
				SWIFT_ACTIVE_COMPILATION_CONDITIONS = DEBUG;
				SWIFT_OPTIMIZATION_LEVEL = "-Onone";
			};
			name = Debug;
		};
		F7257E9927081F32005C5076 /* Release */ = {
			isa = XCBuildConfiguration;
			buildSettings = {
				ALWAYS_SEARCH_USER_PATHS = NO;
				CLANG_ANALYZER_NONNULL = YES;
				CLANG_ANALYZER_NUMBER_OBJECT_CONVERSION = YES_AGGRESSIVE;
				CLANG_CXX_LANGUAGE_STANDARD = "gnu++14";
				CLANG_CXX_LIBRARY = "libc++";
				CLANG_ENABLE_MODULES = YES;
				CLANG_ENABLE_OBJC_ARC = YES;
				CLANG_ENABLE_OBJC_WEAK = YES;
				CLANG_WARN_BLOCK_CAPTURE_AUTORELEASING = YES;
				CLANG_WARN_BOOL_CONVERSION = YES;
				CLANG_WARN_COMMA = YES;
				CLANG_WARN_CONSTANT_CONVERSION = YES;
				CLANG_WARN_DEPRECATED_OBJC_IMPLEMENTATIONS = YES;
				CLANG_WARN_DIRECT_OBJC_ISA_USAGE = YES_ERROR;
				CLANG_WARN_DOCUMENTATION_COMMENTS = YES;
				CLANG_WARN_EMPTY_BODY = YES;
				CLANG_WARN_ENUM_CONVERSION = YES;
				CLANG_WARN_INFINITE_RECURSION = YES;
				CLANG_WARN_INT_CONVERSION = YES;
				CLANG_WARN_NON_LITERAL_NULL_CONVERSION = YES;
				CLANG_WARN_OBJC_IMPLICIT_RETAIN_SELF = YES;
				CLANG_WARN_OBJC_LITERAL_CONVERSION = YES;
				CLANG_WARN_OBJC_ROOT_CLASS = YES_ERROR;
				CLANG_WARN_QUOTED_INCLUDE_IN_FRAMEWORK_HEADER = YES;
				CLANG_WARN_RANGE_LOOP_ANALYSIS = YES;
				CLANG_WARN_STRICT_PROTOTYPES = YES;
				CLANG_WARN_SUSPICIOUS_MOVE = YES;
				CLANG_WARN_UNGUARDED_AVAILABILITY = YES_AGGRESSIVE;
				CLANG_WARN_UNREACHABLE_CODE = YES;
				CLANG_WARN__DUPLICATE_METHOD_MATCH = YES;
				COPY_PHASE_STRIP = NO;
				DEBUG_INFORMATION_FORMAT = "dwarf-with-dsym";
				ENABLE_NS_ASSERTIONS = NO;
				ENABLE_STRICT_OBJC_MSGSEND = YES;
				GCC_C_LANGUAGE_STANDARD = gnu11;
				GCC_NO_COMMON_BLOCKS = YES;
				GCC_WARN_64_TO_32_BIT_CONVERSION = YES;
				GCC_WARN_ABOUT_RETURN_TYPE = YES_ERROR;
				GCC_WARN_UNDECLARED_SELECTOR = YES;
				GCC_WARN_UNINITIALIZED_AUTOS = YES_AGGRESSIVE;
				GCC_WARN_UNUSED_FUNCTION = YES;
				GCC_WARN_UNUSED_VARIABLE = YES;
				IPHONEOS_DEPLOYMENT_TARGET = 14.1;
				MTL_ENABLE_DEBUG_INFO = NO;
				MTL_FAST_MATH = YES;
				SDKROOT = iphoneos;
				SWIFT_COMPILATION_MODE = wholemodule;
				SWIFT_OPTIMIZATION_LEVEL = "-O";
				VALIDATE_PRODUCT = YES;
			};
			name = Release;
		};
		F7257E9B27081F32005C5076 /* Debug */ = {
			isa = XCBuildConfiguration;
			buildSettings = {
				ASSETCATALOG_COMPILER_APPICON_NAME = AppIcon;
				ASSETCATALOG_COMPILER_GLOBAL_ACCENT_COLOR_NAME = AccentColor;
				CODE_SIGN_STYLE = Automatic;
				DEVELOPMENT_ASSET_PATHS = "\"Weather/Preview Content\"";
				DEVELOPMENT_TEAM = ZKRYANSM8S;
				ENABLE_PREVIEWS = YES;
				INFOPLIST_FILE = Weather/Info.plist;
				IPHONEOS_DEPLOYMENT_TARGET = 14.1;
				LD_RUNPATH_SEARCH_PATHS = (
					"$(inherited)",
					"@executable_path/Frameworks",
				);
				PRODUCT_BUNDLE_IDENTIFIER = senkill.Weather;
				PRODUCT_NAME = "$(TARGET_NAME)";
				SWIFT_VERSION = 5.0;
				TARGETED_DEVICE_FAMILY = "1,2";
			};
			name = Debug;
		};
		F7257E9C27081F32005C5076 /* Release */ = {
			isa = XCBuildConfiguration;
			buildSettings = {
				ASSETCATALOG_COMPILER_APPICON_NAME = AppIcon;
				ASSETCATALOG_COMPILER_GLOBAL_ACCENT_COLOR_NAME = AccentColor;
				CODE_SIGN_STYLE = Automatic;
				DEVELOPMENT_ASSET_PATHS = "\"Weather/Preview Content\"";
				DEVELOPMENT_TEAM = ZKRYANSM8S;
				ENABLE_PREVIEWS = YES;
				INFOPLIST_FILE = Weather/Info.plist;
				IPHONEOS_DEPLOYMENT_TARGET = 14.1;
				LD_RUNPATH_SEARCH_PATHS = (
					"$(inherited)",
					"@executable_path/Frameworks",
				);
				PRODUCT_BUNDLE_IDENTIFIER = senkill.Weather;
				PRODUCT_NAME = "$(TARGET_NAME)";
				SWIFT_VERSION = 5.0;
				TARGETED_DEVICE_FAMILY = "1,2";
			};
			name = Release;
		};
/* End XCBuildConfiguration section */

/* Begin XCConfigurationList section */
		F7257E7027081F30005C5076 /* Build configuration list for PBXProject "Weather" */ = {
			isa = XCConfigurationList;
			buildConfigurations = (
				F7257E9827081F32005C5076 /* Debug */,
				F7257E9927081F32005C5076 /* Release */,
			);
			defaultConfigurationIsVisible = 0;
			defaultConfigurationName = Release;
		};
		F7257E9A27081F32005C5076 /* Build configuration list for PBXNativeTarget "Weather" */ = {
			isa = XCConfigurationList;
			buildConfigurations = (
				F7257E9B27081F32005C5076 /* Debug */,
				F7257E9C27081F32005C5076 /* Release */,
			);
			defaultConfigurationIsVisible = 0;
			defaultConfigurationName = Release;
		};
/* End XCConfigurationList section */
	};
	rootObject = F7257E6D27081F30005C5076 /* Project object */;
}
