// !$*UTF8*$!
{
	archiveVersion = 1;
	classes = {
	};
	objectVersion = 50;
	objects = {

/* Begin PBXBuildFile section */
		F71523FD274B6D5B00FB0447 /* CitySearchView.swift in Sources */ = {isa = PBXBuildFile; fileRef = F71523FC274B6D5B00FB0447 /* CitySearchView.swift */; };
		F7152405274B6D6700FB0447 /* SettingsView.swift in Sources */ = {isa = PBXBuildFile; fileRef = F7152404274B6D6700FB0447 /* SettingsView.swift */; };
		F715240D274B731D00FB0447 /* DailyForecastView.swift in Sources */ = {isa = PBXBuildFile; fileRef = F715240C274B731D00FB0447 /* DailyForecastView.swift */; };
		F7152412274B732900FB0447 /* HourlyForecastView.swift in Sources */ = {isa = PBXBuildFile; fileRef = F7152411274B732900FB0447 /* HourlyForecastView.swift */; };
		F7257E7927081F30005C5076 /* WeatherApp.swift in Sources */ = {isa = PBXBuildFile; fileRef = F7257E7827081F30005C5076 /* WeatherApp.swift */; };
		F7257E7B27081F30005C5076 /* ContentView.swift in Sources */ = {isa = PBXBuildFile; fileRef = F7257E7A27081F30005C5076 /* ContentView.swift */; };
		F7257E7D27081F31005C5076 /* Assets.xcassets in Resources */ = {isa = PBXBuildFile; fileRef = F7257E7C27081F31005C5076 /* Assets.xcassets */; };
		F7257E8027081F31005C5076 /* Preview Assets.xcassets in Resources */ = {isa = PBXBuildFile; fileRef = F7257E7F27081F31005C5076 /* Preview Assets.xcassets */; };
		F7257E8B27081F32005C5076 /* WeatherTests.swift in Sources */ = {isa = PBXBuildFile; fileRef = F7257E8A27081F32005C5076 /* WeatherTests.swift */; };
		F7257E9627081F32005C5076 /* WeatherUITests.swift in Sources */ = {isa = PBXBuildFile; fileRef = F7257E9527081F32005C5076 /* WeatherUITests.swift */; };
		F7257EA727081F7D005C5076 /* WeatherMainView.swift in Sources */ = {isa = PBXBuildFile; fileRef = F7257EA627081F7D005C5076 /* WeatherMainView.swift */; };
		F7580CCE2734E6F700773E6C /* LocationManager.swift in Sources */ = {isa = PBXBuildFile; fileRef = F7580CCD2734E6F700773E6C /* LocationManager.swift */; };
		F76F70422747B38D00A4A198 /* Double.swift in Sources */ = {isa = PBXBuildFile; fileRef = F76F70412747B38D00A4A198 /* Double.swift */; };
		F77EA9412712C5F2000B8883 /* WeatherMainViewModel.swift in Sources */ = {isa = PBXBuildFile; fileRef = F77EA9402712C5F2000B8883 /* WeatherMainViewModel.swift */; };
		F780FAC42732B3B100F93491 /* LoadingScreen.swift in Sources */ = {isa = PBXBuildFile; fileRef = F780FAC32732B3B100F93491 /* LoadingScreen.swift */; };
		F7F2814A2716BC2B00E3A7BB /* WeatherData.swift in Sources */ = {isa = PBXBuildFile; fileRef = F7F281492716BC2B00E3A7BB /* WeatherData.swift */; };
/* End PBXBuildFile section */

/* Begin PBXContainerItemProxy section */
		F7257E8727081F32005C5076 /* PBXContainerItemProxy */ = {
			isa = PBXContainerItemProxy;
			containerPortal = F7257E6D27081F30005C5076 /* Project object */;
			proxyType = 1;
			remoteGlobalIDString = F7257E7427081F30005C5076;
			remoteInfo = Weather;
		};
		F7257E9227081F32005C5076 /* PBXContainerItemProxy */ = {
			isa = PBXContainerItemProxy;
			containerPortal = F7257E6D27081F30005C5076 /* Project object */;
			proxyType = 1;
			remoteGlobalIDString = F7257E7427081F30005C5076;
			remoteInfo = Weather;
		};
/* End PBXContainerItemProxy section */

/* Begin PBXFileReference section */
		F71523FC274B6D5B00FB0447 /* CitySearchView.swift */ = {isa = PBXFileReference; lastKnownFileType = sourcecode.swift; path = CitySearchView.swift; sourceTree = "<group>"; };
		F7152404274B6D6700FB0447 /* SettingsView.swift */ = {isa = PBXFileReference; lastKnownFileType = sourcecode.swift; path = SettingsView.swift; sourceTree = "<group>"; };
		F715240C274B731D00FB0447 /* DailyForecastView.swift */ = {isa = PBXFileReference; lastKnownFileType = sourcecode.swift; path = DailyForecastView.swift; sourceTree = "<group>"; };
		F7152411274B732900FB0447 /* HourlyForecastView.swift */ = {isa = PBXFileReference; lastKnownFileType = sourcecode.swift; path = HourlyForecastView.swift; sourceTree = "<group>"; };
		F7257E7527081F30005C5076 /* Weather.app */ = {isa = PBXFileReference; explicitFileType = wrapper.application; includeInIndex = 0; path = Weather.app; sourceTree = BUILT_PRODUCTS_DIR; };
		F7257E7827081F30005C5076 /* WeatherApp.swift */ = {isa = PBXFileReference; lastKnownFileType = sourcecode.swift; path = WeatherApp.swift; sourceTree = "<group>"; };
		F7257E7A27081F30005C5076 /* ContentView.swift */ = {isa = PBXFileReference; lastKnownFileType = sourcecode.swift; path = ContentView.swift; sourceTree = "<group>"; };
		F7257E7C27081F31005C5076 /* Assets.xcassets */ = {isa = PBXFileReference; lastKnownFileType = folder.assetcatalog; path = Assets.xcassets; sourceTree = "<group>"; };
		F7257E7F27081F31005C5076 /* Preview Assets.xcassets */ = {isa = PBXFileReference; lastKnownFileType = folder.assetcatalog; path = "Preview Assets.xcassets"; sourceTree = "<group>"; };
		F7257E8127081F31005C5076 /* Info.plist */ = {isa = PBXFileReference; lastKnownFileType = text.plist.xml; path = Info.plist; sourceTree = "<group>"; };
		F7257E8627081F32005C5076 /* WeatherTests.xctest */ = {isa = PBXFileReference; explicitFileType = wrapper.cfbundle; includeInIndex = 0; path = WeatherTests.xctest; sourceTree = BUILT_PRODUCTS_DIR; };
		F7257E8A27081F32005C5076 /* WeatherTests.swift */ = {isa = PBXFileReference; lastKnownFileType = sourcecode.swift; path = WeatherTests.swift; sourceTree = "<group>"; };
		F7257E8C27081F32005C5076 /* Info.plist */ = {isa = PBXFileReference; lastKnownFileType = text.plist.xml; path = Info.plist; sourceTree = "<group>"; };
		F7257E9127081F32005C5076 /* WeatherUITests.xctest */ = {isa = PBXFileReference; explicitFileType = wrapper.cfbundle; includeInIndex = 0; path = WeatherUITests.xctest; sourceTree = BUILT_PRODUCTS_DIR; };
		F7257E9527081F32005C5076 /* WeatherUITests.swift */ = {isa = PBXFileReference; lastKnownFileType = sourcecode.swift; path = WeatherUITests.swift; sourceTree = "<group>"; };
		F7257E9727081F32005C5076 /* Info.plist */ = {isa = PBXFileReference; lastKnownFileType = text.plist.xml; path = Info.plist; sourceTree = "<group>"; };
		F7257EA627081F7D005C5076 /* WeatherMainView.swift */ = {isa = PBXFileReference; lastKnownFileType = sourcecode.swift; path = WeatherMainView.swift; sourceTree = "<group>"; };
		F7580CCD2734E6F700773E6C /* LocationManager.swift */ = {isa = PBXFileReference; lastKnownFileType = sourcecode.swift; path = LocationManager.swift; sourceTree = "<group>"; };
		F76F70412747B38D00A4A198 /* Double.swift */ = {isa = PBXFileReference; lastKnownFileType = sourcecode.swift; path = Double.swift; sourceTree = "<group>"; };
		F77EA9402712C5F2000B8883 /* WeatherMainViewModel.swift */ = {isa = PBXFileReference; lastKnownFileType = sourcecode.swift; path = WeatherMainViewModel.swift; sourceTree = "<group>"; };
		F780FAC32732B3B100F93491 /* LoadingScreen.swift */ = {isa = PBXFileReference; lastKnownFileType = sourcecode.swift; path = LoadingScreen.swift; sourceTree = "<group>"; };
		F7F281492716BC2B00E3A7BB /* WeatherData.swift */ = {isa = PBXFileReference; lastKnownFileType = sourcecode.swift; path = WeatherData.swift; sourceTree = "<group>"; };
/* End PBXFileReference section */

/* Begin PBXFrameworksBuildPhase section */
		F7257E7227081F30005C5076 /* Frameworks */ = {
			isa = PBXFrameworksBuildPhase;
			buildActionMask = 2147483647;
			files = (
			);
			runOnlyForDeploymentPostprocessing = 0;
		};
		F7257E8327081F32005C5076 /* Frameworks */ = {
			isa = PBXFrameworksBuildPhase;
			buildActionMask = 2147483647;
			files = (
			);
			runOnlyForDeploymentPostprocessing = 0;
		};
		F7257E8E27081F32005C5076 /* Frameworks */ = {
			isa = PBXFrameworksBuildPhase;
			buildActionMask = 2147483647;
			files = (
			);
			runOnlyForDeploymentPostprocessing = 0;
		};
/* End PBXFrameworksBuildPhase section */

/* Begin PBXGroup section */
		F71523FA274B6D1B00FB0447 /* Settings */ = {
			isa = PBXGroup;
			children = (
				F7152404274B6D6700FB0447 /* SettingsView.swift */,
			);
			path = Settings;
			sourceTree = "<group>";
		};
		F71523FB274B6D2700FB0447 /* CitySearch */ = {
			isa = PBXGroup;
			children = (
				F71523FC274B6D5B00FB0447 /* CitySearchView.swift */,
			);
			path = CitySearch;
			sourceTree = "<group>";
		};
		F7257E6C27081F30005C5076 = {
			isa = PBXGroup;
			children = (
				F7257E7727081F30005C5076 /* Weather */,
				F7257E8927081F32005C5076 /* WeatherTests */,
				F7257E9427081F32005C5076 /* WeatherUITests */,
				F7257E7627081F30005C5076 /* Products */,
			);
			sourceTree = "<group>";
		};
		F7257E7627081F30005C5076 /* Products */ = {
			isa = PBXGroup;
			children = (
				F7257E7527081F30005C5076 /* Weather.app */,
				F7257E8627081F32005C5076 /* WeatherTests.xctest */,
				F7257E9127081F32005C5076 /* WeatherUITests.xctest */,
			);
			name = Products;
			sourceTree = "<group>";
		};
		F7257E7727081F30005C5076 /* Weather */ = {
			isa = PBXGroup;
			children = (
				F7257E7827081F30005C5076 /* WeatherApp.swift */,
				F7257E7A27081F30005C5076 /* ContentView.swift */,
				F76F70402747B37000A4A198 /* Extensions */,
				F77EA94A2712C62B000B8883 /* Views */,
				F7C3F3A627142AA70000FFED /* Model */,
				F7257E7C27081F31005C5076 /* Assets.xcassets */,
				F7257E8127081F31005C5076 /* Info.plist */,
				F7257E7E27081F31005C5076 /* Preview Content */,
			);
			path = Weather;
			sourceTree = "<group>";
		};
		F7257E7E27081F31005C5076 /* Preview Content */ = {
			isa = PBXGroup;
			children = (
				F7257E7F27081F31005C5076 /* Preview Assets.xcassets */,
			);
			path = "Preview Content";
			sourceTree = "<group>";
		};
		F7257E8927081F32005C5076 /* WeatherTests */ = {
			isa = PBXGroup;
			children = (
				F7257E8A27081F32005C5076 /* WeatherTests.swift */,
				F7257E8C27081F32005C5076 /* Info.plist */,
			);
			path = WeatherTests;
			sourceTree = "<group>";
		};
		F7257E9427081F32005C5076 /* WeatherUITests */ = {
			isa = PBXGroup;
			children = (
				F7257E9527081F32005C5076 /* WeatherUITests.swift */,
				F7257E9727081F32005C5076 /* Info.plist */,
			);
			path = WeatherUITests;
			sourceTree = "<group>";
		};
		F76F70402747B37000A4A198 /* Extensions */ = {
			isa = PBXGroup;
			children = (
				F76F70412747B38D00A4A198 /* Double.swift */,
			);
			path = Extensions;
			sourceTree = "<group>";
		};
		F77EA9382712C559000B8883 /* WeatherMain */ = {
			isa = PBXGroup;
			children = (
				F7257EA627081F7D005C5076 /* WeatherMainView.swift */,
				F77EA9402712C5F2000B8883 /* WeatherMainViewModel.swift */,
			);
			path = WeatherMain;
			sourceTree = "<group>";
		};
		F77EA94A2712C62B000B8883 /* Views */ = {
			isa = PBXGroup;
			children = (
				F780FAB72732B39100F93491 /* AuxViews */,
				F71523FB274B6D2700FB0447 /* CitySearch */,
				F71523FA274B6D1B00FB0447 /* Settings */,
				F77EA9382712C559000B8883 /* WeatherMain */,
			);
			path = Views;
			sourceTree = "<group>";
		};
		F780FAB72732B39100F93491 /* AuxViews */ = {
			isa = PBXGroup;
			children = (
				F780FAC32732B3B100F93491 /* LoadingScreen.swift */,
				F715240C274B731D00FB0447 /* DailyForecastView.swift */,
				F7152411274B732900FB0447 /* HourlyForecastView.swift */,
			);
			path = AuxViews;
			sourceTree = "<group>";
		};
		F7C3F3A627142AA70000FFED /* Model */ = {
			isa = PBXGroup;
			children = (
				F7F281492716BC2B00E3A7BB /* WeatherData.swift */,
				F7580CCD2734E6F700773E6C /* LocationManager.swift */,
			);
			path = Model;
			sourceTree = "<group>";
		};
/* End PBXGroup section */

/* Begin PBXNativeTarget section */
		F7257E7427081F30005C5076 /* Weather */ = {
			isa = PBXNativeTarget;
			buildConfigurationList = F7257E9A27081F32005C5076 /* Build configuration list for PBXNativeTarget "Weather" */;
			buildPhases = (
				F7257E7127081F30005C5076 /* Sources */,
				F7257E7227081F30005C5076 /* Frameworks */,
				F7257E7327081F30005C5076 /* Resources */,
			);
			buildRules = (
			);
			dependencies = (
			);
			name = Weather;
			productName = Weather;
			productReference = F7257E7527081F30005C5076 /* Weather.app */;
			productType = "com.apple.product-type.application";
		};
		F7257E8527081F32005C5076 /* WeatherTests */ = {
			isa = PBXNativeTarget;
			buildConfigurationList = F7257E9D27081F32005C5076 /* Build configuration list for PBXNativeTarget "WeatherTests" */;
			buildPhases = (
				F7257E8227081F32005C5076 /* Sources */,
				F7257E8327081F32005C5076 /* Frameworks */,
				F7257E8427081F32005C5076 /* Resources */,
			);
			buildRules = (
			);
			dependencies = (
				F7257E8827081F32005C5076 /* PBXTargetDependency */,
			);
			name = WeatherTests;
			productName = WeatherTests;
			productReference = F7257E8627081F32005C5076 /* WeatherTests.xctest */;
			productType = "com.apple.product-type.bundle.unit-test";
		};
		F7257E9027081F32005C5076 /* WeatherUITests */ = {
			isa = PBXNativeTarget;
			buildConfigurationList = F7257EA027081F32005C5076 /* Build configuration list for PBXNativeTarget "WeatherUITests" */;
			buildPhases = (
				F7257E8D27081F32005C5076 /* Sources */,
				F7257E8E27081F32005C5076 /* Frameworks */,
				F7257E8F27081F32005C5076 /* Resources */,
			);
			buildRules = (
			);
			dependencies = (
				F7257E9327081F32005C5076 /* PBXTargetDependency */,
			);
			name = WeatherUITests;
			productName = WeatherUITests;
			productReference = F7257E9127081F32005C5076 /* WeatherUITests.xctest */;
			productType = "com.apple.product-type.bundle.ui-testing";
		};
/* End PBXNativeTarget section */

/* Begin PBXProject section */
		F7257E6D27081F30005C5076 /* Project object */ = {
			isa = PBXProject;
			attributes = {
				LastSwiftUpdateCheck = 1240;
				LastUpgradeCheck = 1240;
				TargetAttributes = {
					F7257E7427081F30005C5076 = {
						CreatedOnToolsVersion = 12.4;
					};
					F7257E8527081F32005C5076 = {
						CreatedOnToolsVersion = 12.4;
						TestTargetID = F7257E7427081F30005C5076;
					};
					F7257E9027081F32005C5076 = {
						CreatedOnToolsVersion = 12.4;
						TestTargetID = F7257E7427081F30005C5076;
					};
				};
			};
			buildConfigurationList = F7257E7027081F30005C5076 /* Build configuration list for PBXProject "Weather" */;
			compatibilityVersion = "Xcode 9.3";
			developmentRegion = en;
			hasScannedForEncodings = 0;
			knownRegions = (
				en,
				Base,
			);
			mainGroup = F7257E6C27081F30005C5076;
			productRefGroup = F7257E7627081F30005C5076 /* Products */;
			projectDirPath = "";
			projectRoot = "";
			targets = (
				F7257E7427081F30005C5076 /* Weather */,
				F7257E8527081F32005C5076 /* WeatherTests */,
				F7257E9027081F32005C5076 /* WeatherUITests */,
			);
		};
/* End PBXProject section */

/* Begin PBXResourcesBuildPhase section */
		F7257E7327081F30005C5076 /* Resources */ = {
			isa = PBXResourcesBuildPhase;
			buildActionMask = 2147483647;
			files = (
				F7257E8027081F31005C5076 /* Preview Assets.xcassets in Resources */,
				F7257E7D27081F31005C5076 /* Assets.xcassets in Resources */,
			);
			runOnlyForDeploymentPostprocessing = 0;
		};
		F7257E8427081F32005C5076 /* Resources */ = {
			isa = PBXResourcesBuildPhase;
			buildActionMask = 2147483647;
			files = (
			);
			runOnlyForDeploymentPostprocessing = 0;
		};
		F7257E8F27081F32005C5076 /* Resources */ = {
			isa = PBXResourcesBuildPhase;
			buildActionMask = 2147483647;
			files = (
			);
			runOnlyForDeploymentPostprocessing = 0;
		};
/* End PBXResourcesBuildPhase section */

/* Begin PBXSourcesBuildPhase section */
		F7257E7127081F30005C5076 /* Sources */ = {
			isa = PBXSourcesBuildPhase;
			buildActionMask = 2147483647;
			files = (
				F715240D274B731D00FB0447 /* DailyForecastView.swift in Sources */,
				F7257EA727081F7D005C5076 /* WeatherMainView.swift in Sources */,
				F7F2814A2716BC2B00E3A7BB /* WeatherData.swift in Sources */,
				F76F70422747B38D00A4A198 /* Double.swift in Sources */,
				F780FAC42732B3B100F93491 /* LoadingScreen.swift in Sources */,
				F7580CCE2734E6F700773E6C /* LocationManager.swift in Sources */,
				F7152405274B6D6700FB0447 /* SettingsView.swift in Sources */,
				F7257E7B27081F30005C5076 /* ContentView.swift in Sources */,
				F7152412274B732900FB0447 /* HourlyForecastView.swift in Sources */,
				F71523FD274B6D5B00FB0447 /* CitySearchView.swift in Sources */,
				F7257E7927081F30005C5076 /* WeatherApp.swift in Sources */,
				F77EA9412712C5F2000B8883 /* WeatherMainViewModel.swift in Sources */,
			);
			runOnlyForDeploymentPostprocessing = 0;
		};
		F7257E8227081F32005C5076 /* Sources */ = {
			isa = PBXSourcesBuildPhase;
			buildActionMask = 2147483647;
			files = (
				F7257E8B27081F32005C5076 /* WeatherTests.swift in Sources */,
			);
			runOnlyForDeploymentPostprocessing = 0;
		};
		F7257E8D27081F32005C5076 /* Sources */ = {
			isa = PBXSourcesBuildPhase;
			buildActionMask = 2147483647;
			files = (
				F7257E9627081F32005C5076 /* WeatherUITests.swift in Sources */,
			);
			runOnlyForDeploymentPostprocessing = 0;
		};
/* End PBXSourcesBuildPhase section */

/* Begin PBXTargetDependency section */
		F7257E8827081F32005C5076 /* PBXTargetDependency */ = {
			isa = PBXTargetDependency;
			target = F7257E7427081F30005C5076 /* Weather */;
			targetProxy = F7257E8727081F32005C5076 /* PBXContainerItemProxy */;
		};
		F7257E9327081F32005C5076 /* PBXTargetDependency */ = {
			isa = PBXTargetDependency;
			target = F7257E7427081F30005C5076 /* Weather */;
			targetProxy = F7257E9227081F32005C5076 /* PBXContainerItemProxy */;
		};
/* End PBXTargetDependency section */

/* Begin XCBuildConfiguration section */
		F7257E9827081F32005C5076 /* Debug */ = {
			isa = XCBuildConfiguration;
			buildSettings = {
				ALWAYS_SEARCH_USER_PATHS = NO;
				CLANG_ANALYZER_NONNULL = YES;
				CLANG_ANALYZER_NUMBER_OBJECT_CONVERSION = YES_AGGRESSIVE;
				CLANG_CXX_LANGUAGE_STANDARD = "gnu++14";
				CLANG_CXX_LIBRARY = "libc++";
				CLANG_ENABLE_MODULES = YES;
				CLANG_ENABLE_OBJC_ARC = YES;
				CLANG_ENABLE_OBJC_WEAK = YES;
				CLANG_WARN_BLOCK_CAPTURE_AUTORELEASING = YES;
				CLANG_WARN_BOOL_CONVERSION = YES;
				CLANG_WARN_COMMA = YES;
				CLANG_WARN_CONSTANT_CONVERSION = YES;
				CLANG_WARN_DEPRECATED_OBJC_IMPLEMENTATIONS = YES;
				CLANG_WARN_DIRECT_OBJC_ISA_USAGE = YES_ERROR;
				CLANG_WARN_DOCUMENTATION_COMMENTS = YES;
				CLANG_WARN_EMPTY_BODY = YES;
				CLANG_WARN_ENUM_CONVERSION = YES;
				CLANG_WARN_INFINITE_RECURSION = YES;
				CLANG_WARN_INT_CONVERSION = YES;
				CLANG_WARN_NON_LITERAL_NULL_CONVERSION = YES;
				CLANG_WARN_OBJC_IMPLICIT_RETAIN_SELF = YES;
				CLANG_WARN_OBJC_LITERAL_CONVERSION = YES;
				CLANG_WARN_OBJC_ROOT_CLASS = YES_ERROR;
				CLANG_WARN_QUOTED_INCLUDE_IN_FRAMEWORK_HEADER = YES;
				CLANG_WARN_RANGE_LOOP_ANALYSIS = YES;
				CLANG_WARN_STRICT_PROTOTYPES = YES;
				CLANG_WARN_SUSPICIOUS_MOVE = YES;
				CLANG_WARN_UNGUARDED_AVAILABILITY = YES_AGGRESSIVE;
				CLANG_WARN_UNREACHABLE_CODE = YES;
				CLANG_WARN__DUPLICATE_METHOD_MATCH = YES;
				COPY_PHASE_STRIP = NO;
				DEBUG_INFORMATION_FORMAT = dwarf;
				ENABLE_STRICT_OBJC_MSGSEND = YES;
				ENABLE_TESTABILITY = YES;
				GCC_C_LANGUAGE_STANDARD = gnu11;
				GCC_DYNAMIC_NO_PIC = NO;
				GCC_NO_COMMON_BLOCKS = YES;
				GCC_OPTIMIZATION_LEVEL = 0;
				GCC_PREPROCESSOR_DEFINITIONS = (
					"DEBUG=1",
					"$(inherited)",
				);
				GCC_WARN_64_TO_32_BIT_CONVERSION = YES;
				GCC_WARN_ABOUT_RETURN_TYPE = YES_ERROR;
				GCC_WARN_UNDECLARED_SELECTOR = YES;
				GCC_WARN_UNINITIALIZED_AUTOS = YES_AGGRESSIVE;
				GCC_WARN_UNUSED_FUNCTION = YES;
				GCC_WARN_UNUSED_VARIABLE = YES;
				IPHONEOS_DEPLOYMENT_TARGET = 14.4;
				MTL_ENABLE_DEBUG_INFO = INCLUDE_SOURCE;
				MTL_FAST_MATH = YES;
				ONLY_ACTIVE_ARCH = YES;
				SDKROOT = iphoneos;
				SWIFT_ACTIVE_COMPILATION_CONDITIONS = DEBUG;
				SWIFT_OPTIMIZATION_LEVEL = "-Onone";
			};
			name = Debug;
		};
		F7257E9927081F32005C5076 /* Release */ = {
			isa = XCBuildConfiguration;
			buildSettings = {
				ALWAYS_SEARCH_USER_PATHS = NO;
				CLANG_ANALYZER_NONNULL = YES;
				CLANG_ANALYZER_NUMBER_OBJECT_CONVERSION = YES_AGGRESSIVE;
				CLANG_CXX_LANGUAGE_STANDARD = "gnu++14";
				CLANG_CXX_LIBRARY = "libc++";
				CLANG_ENABLE_MODULES = YES;
				CLANG_ENABLE_OBJC_ARC = YES;
				CLANG_ENABLE_OBJC_WEAK = YES;
				CLANG_WARN_BLOCK_CAPTURE_AUTORELEASING = YES;
				CLANG_WARN_BOOL_CONVERSION = YES;
				CLANG_WARN_COMMA = YES;
				CLANG_WARN_CONSTANT_CONVERSION = YES;
				CLANG_WARN_DEPRECATED_OBJC_IMPLEMENTATIONS = YES;
				CLANG_WARN_DIRECT_OBJC_ISA_USAGE = YES_ERROR;
				CLANG_WARN_DOCUMENTATION_COMMENTS = YES;
				CLANG_WARN_EMPTY_BODY = YES;
				CLANG_WARN_ENUM_CONVERSION = YES;
				CLANG_WARN_INFINITE_RECURSION = YES;
				CLANG_WARN_INT_CONVERSION = YES;
				CLANG_WARN_NON_LITERAL_NULL_CONVERSION = YES;
				CLANG_WARN_OBJC_IMPLICIT_RETAIN_SELF = YES;
				CLANG_WARN_OBJC_LITERAL_CONVERSION = YES;
				CLANG_WARN_OBJC_ROOT_CLASS = YES_ERROR;
				CLANG_WARN_QUOTED_INCLUDE_IN_FRAMEWORK_HEADER = YES;
				CLANG_WARN_RANGE_LOOP_ANALYSIS = YES;
				CLANG_WARN_STRICT_PROTOTYPES = YES;
				CLANG_WARN_SUSPICIOUS_MOVE = YES;
				CLANG_WARN_UNGUARDED_AVAILABILITY = YES_AGGRESSIVE;
				CLANG_WARN_UNREACHABLE_CODE = YES;
				CLANG_WARN__DUPLICATE_METHOD_MATCH = YES;
				COPY_PHASE_STRIP = NO;
				DEBUG_INFORMATION_FORMAT = "dwarf-with-dsym";
				ENABLE_NS_ASSERTIONS = NO;
				ENABLE_STRICT_OBJC_MSGSEND = YES;
				GCC_C_LANGUAGE_STANDARD = gnu11;
				GCC_NO_COMMON_BLOCKS = YES;
				GCC_WARN_64_TO_32_BIT_CONVERSION = YES;
				GCC_WARN_ABOUT_RETURN_TYPE = YES_ERROR;
				GCC_WARN_UNDECLARED_SELECTOR = YES;
				GCC_WARN_UNINITIALIZED_AUTOS = YES_AGGRESSIVE;
				GCC_WARN_UNUSED_FUNCTION = YES;
				GCC_WARN_UNUSED_VARIABLE = YES;
				IPHONEOS_DEPLOYMENT_TARGET = 14.4;
				MTL_ENABLE_DEBUG_INFO = NO;
				MTL_FAST_MATH = YES;
				SDKROOT = iphoneos;
				SWIFT_COMPILATION_MODE = wholemodule;
				SWIFT_OPTIMIZATION_LEVEL = "-O";
				VALIDATE_PRODUCT = YES;
			};
			name = Release;
		};
		F7257E9B27081F32005C5076 /* Debug */ = {
			isa = XCBuildConfiguration;
			buildSettings = {
				ASSETCATALOG_COMPILER_APPICON_NAME = AppIcon;
				ASSETCATALOG_COMPILER_GLOBAL_ACCENT_COLOR_NAME = AccentColor;
				CODE_SIGN_STYLE = Automatic;
				DEVELOPMENT_ASSET_PATHS = "\"Weather/Preview Content\"";
				DEVELOPMENT_TEAM = ZKRYANSM8S;
				ENABLE_PREVIEWS = YES;
				INFOPLIST_FILE = Weather/Info.plist;
				IPHONEOS_DEPLOYMENT_TARGET = 14.4;
				LD_RUNPATH_SEARCH_PATHS = (
					"$(inherited)",
					"@executable_path/Frameworks",
				);
				PRODUCT_BUNDLE_IDENTIFIER = senkill.Weather;
				PRODUCT_NAME = "$(TARGET_NAME)";
				SWIFT_VERSION = 5.0;
				TARGETED_DEVICE_FAMILY = "1,2";
			};
			name = Debug;
		};
		F7257E9C27081F32005C5076 /* Release */ = {
			isa = XCBuildConfiguration;
			buildSettings = {
				ASSETCATALOG_COMPILER_APPICON_NAME = AppIcon;
				ASSETCATALOG_COMPILER_GLOBAL_ACCENT_COLOR_NAME = AccentColor;
				CODE_SIGN_STYLE = Automatic;
				DEVELOPMENT_ASSET_PATHS = "\"Weather/Preview Content\"";
				DEVELOPMENT_TEAM = ZKRYANSM8S;
				ENABLE_PREVIEWS = YES;
				INFOPLIST_FILE = Weather/Info.plist;
				IPHONEOS_DEPLOYMENT_TARGET = 14.4;
				LD_RUNPATH_SEARCH_PATHS = (
					"$(inherited)",
					"@executable_path/Frameworks",
				);
				PRODUCT_BUNDLE_IDENTIFIER = senkill.Weather;
				PRODUCT_NAME = "$(TARGET_NAME)";
				SWIFT_VERSION = 5.0;
				TARGETED_DEVICE_FAMILY = "1,2";
			};
			name = Release;
		};
		F7257E9E27081F32005C5076 /* Debug */ = {
			isa = XCBuildConfiguration;
			buildSettings = {
				ALWAYS_EMBED_SWIFT_STANDARD_LIBRARIES = YES;
				BUNDLE_LOADER = "$(TEST_HOST)";
				CODE_SIGN_STYLE = Automatic;
				DEVELOPMENT_TEAM = ZKRYANSM8S;
				INFOPLIST_FILE = WeatherTests/Info.plist;
				IPHONEOS_DEPLOYMENT_TARGET = 14.0;
				LD_RUNPATH_SEARCH_PATHS = (
					"$(inherited)",
					"@executable_path/Frameworks",
					"@loader_path/Frameworks",
				);
				PRODUCT_BUNDLE_IDENTIFIER = senkill.WeatherTests;
				PRODUCT_NAME = "$(TARGET_NAME)";
				SWIFT_VERSION = 5.0;
				TARGETED_DEVICE_FAMILY = "1,2";
				TEST_HOST = "$(BUILT_PRODUCTS_DIR)/Weather.app/Weather";
			};
			name = Debug;
		};
		F7257E9F27081F32005C5076 /* Release */ = {
			isa = XCBuildConfiguration;
			buildSettings = {
				ALWAYS_EMBED_SWIFT_STANDARD_LIBRARIES = YES;
				BUNDLE_LOADER = "$(TEST_HOST)";
				CODE_SIGN_STYLE = Automatic;
				DEVELOPMENT_TEAM = ZKRYANSM8S;
				INFOPLIST_FILE = WeatherTests/Info.plist;
				IPHONEOS_DEPLOYMENT_TARGET = 14.0;
				LD_RUNPATH_SEARCH_PATHS = (
					"$(inherited)",
					"@executable_path/Frameworks",
					"@loader_path/Frameworks",
				);
				PRODUCT_BUNDLE_IDENTIFIER = senkill.WeatherTests;
				PRODUCT_NAME = "$(TARGET_NAME)";
				SWIFT_VERSION = 5.0;
				TARGETED_DEVICE_FAMILY = "1,2";
				TEST_HOST = "$(BUILT_PRODUCTS_DIR)/Weather.app/Weather";
			};
			name = Release;
		};
		F7257EA127081F32005C5076 /* Debug */ = {
			isa = XCBuildConfiguration;
			buildSettings = {
				ALWAYS_EMBED_SWIFT_STANDARD_LIBRARIES = YES;
				CODE_SIGN_STYLE = Automatic;
				DEVELOPMENT_TEAM = ZKRYANSM8S;
				INFOPLIST_FILE = WeatherUITests/Info.plist;
				LD_RUNPATH_SEARCH_PATHS = (
					"$(inherited)",
					"@executable_path/Frameworks",
					"@loader_path/Frameworks",
				);
				PRODUCT_BUNDLE_IDENTIFIER = senkill.WeatherUITests;
				PRODUCT_NAME = "$(TARGET_NAME)";
				SWIFT_VERSION = 5.0;
				TARGETED_DEVICE_FAMILY = "1,2";
				TEST_TARGET_NAME = Weather;
			};
			name = Debug;
		};
		F7257EA227081F32005C5076 /* Release */ = {
			isa = XCBuildConfiguration;
			buildSettings = {
				ALWAYS_EMBED_SWIFT_STANDARD_LIBRARIES = YES;
				CODE_SIGN_STYLE = Automatic;
				DEVELOPMENT_TEAM = ZKRYANSM8S;
				INFOPLIST_FILE = WeatherUITests/Info.plist;
				LD_RUNPATH_SEARCH_PATHS = (
					"$(inherited)",
					"@executable_path/Frameworks",
					"@loader_path/Frameworks",
				);
				PRODUCT_BUNDLE_IDENTIFIER = senkill.WeatherUITests;
				PRODUCT_NAME = "$(TARGET_NAME)";
				SWIFT_VERSION = 5.0;
				TARGETED_DEVICE_FAMILY = "1,2";
				TEST_TARGET_NAME = Weather;
			};
			name = Release;
		};
/* End XCBuildConfiguration section */

/* Begin XCConfigurationList section */
		F7257E7027081F30005C5076 /* Build configuration list for PBXProject "Weather" */ = {
			isa = XCConfigurationList;
			buildConfigurations = (
				F7257E9827081F32005C5076 /* Debug */,
				F7257E9927081F32005C5076 /* Release */,
			);
			defaultConfigurationIsVisible = 0;
			defaultConfigurationName = Release;
		};
		F7257E9A27081F32005C5076 /* Build configuration list for PBXNativeTarget "Weather" */ = {
			isa = XCConfigurationList;
			buildConfigurations = (
				F7257E9B27081F32005C5076 /* Debug */,
				F7257E9C27081F32005C5076 /* Release */,
			);
			defaultConfigurationIsVisible = 0;
			defaultConfigurationName = Release;
		};
		F7257E9D27081F32005C5076 /* Build configuration list for PBXNativeTarget "WeatherTests" */ = {
			isa = XCConfigurationList;
			buildConfigurations = (
				F7257E9E27081F32005C5076 /* Debug */,
				F7257E9F27081F32005C5076 /* Release */,
			);
			defaultConfigurationIsVisible = 0;
			defaultConfigurationName = Release;
		};
		F7257EA027081F32005C5076 /* Build configuration list for PBXNativeTarget "WeatherUITests" */ = {
			isa = XCConfigurationList;
			buildConfigurations = (
				F7257EA127081F32005C5076 /* Debug */,
				F7257EA227081F32005C5076 /* Release */,
			);
			defaultConfigurationIsVisible = 0;
			defaultConfigurationName = Release;
		};
/* End XCConfigurationList section */
	};
	rootObject = F7257E6D27081F30005C5076 /* Project object */;
}
